
Microsoft Visual Studio Solution File, Format Version 12.00
# Visual Studio Version 17
VisualStudioVersion = 17.14.36705.20 d17.14
MinimumVisualStudioVersion = 10.0.40219.1
Project("{FAE04EC0-301F-11D3-BF4B-00C04F79EFBC}") = "GuidingLight", "GuidingLight.csproj", "{885828ED-0F5C-4911-0AFA-6E09CE9A3454}"
EndProject
Global
	GlobalSection(SolutionConfigurationPlatforms) = preSolution
		Debug|Any CPU = Debug|Any CPU
		Release|Any CPU = Release|Any CPU
	EndGlobalSection
	GlobalSection(ProjectConfigurationPlatforms) = postSolution
		{885828ED-0F5C-4911-0AFA-6E09CE9A3454}.Debug|Any CPU.ActiveCfg = Debug|Any CPU
		{885828ED-0F5C-4911-0AFA-6E09CE9A3454}.Debug|Any CPU.Build.0 = Debug|Any CPU
		{885828ED-0F5C-4911-0AFA-6E09CE9A3454}.Release|Any CPU.ActiveCfg = Release|Any CPU
		{885828ED-0F5C-4911-0AFA-6E09CE9A3454}.Release|Any CPU.Build.0 = Release|Any CPU
	EndGlobalSection
	GlobalSection(SolutionProperties) = preSolution
		HideSolutionNode = FALSE
	EndGlobalSection
	GlobalSection(ExtensibilityGlobals) = postSolution
		SolutionGuid = {21D90F07-0E98-40D2-B3BB-F97A905352A3}
	EndGlobalSection
EndGlobal
